
Microsoft Visual Studio Solution File, Format Version 12.00
# Visual Studio Version 16
VisualStudioVersion = 16.0.29728.190
MinimumVisualStudioVersion = 10.0.40219.1
Project("{FAE04EC0-301F-11D3-BF4B-00C04F79EFBC}") = "AsyncProgrammingKata", "AsyncProgrammingKata\AsyncProgrammingKata.csproj", "{E73E306C-3869-4ACF-8DCB-8338F5AEBD49}"
EndProject
Global
	GlobalSection(SolutionConfigurationPlatforms) = preSolution
		Debug|Any CPU = Debug|Any CPU
		Release|Any CPU = Release|Any CPU
	EndGlobalSection
	GlobalSection(ProjectConfigurationPlatforms) = postSolution
		{E73E306C-3869-4ACF-8DCB-8338F5AEBD49}.Debug|Any CPU.ActiveCfg = Debug|Any CPU
		{E73E306C-3869-4ACF-8DCB-8338F5AEBD49}.Debug|Any CPU.Build.0 = Debug|Any CPU
		{E73E306C-3869-4ACF-8DCB-8338F5AEBD49}.Release|Any CPU.ActiveCfg = Release|Any CPU
		{E73E306C-3869-4ACF-8DCB-8338F5AEBD49}.Release|Any CPU.Build.0 = Release|Any CPU
	EndGlobalSection
	GlobalSection(SolutionProperties) = preSolution
		HideSolutionNode = FALSE
	EndGlobalSection
	GlobalSection(ExtensibilityGlobals) = postSolution
		SolutionGuid = {B0ACCAB2-B17F-4F96-BD5A-89E0EC5807EB}
	EndGlobalSection
EndGlobal
